# THIS IS AN AUTOGENERATED FILE. DO NOT EDIT THIS FILE DIRECTLY.
# yarn lockfile v1


kbar-next@0.1.0:
  version "0.1.0"
  dependencies:
    "@radix-ui/colors" "^0.1.8"
    "@radix-ui/react-menubar" "^1.0.2"
    "@tailwindcss/typography" "^0.5.9"
    "@types/node" "18.15.13"
    "@types/react" "18.0.38"
    "@types/react-dom" "18.0.11"
    autoprefixer "10.4.14"
    dayjs "^1.11.7"
    eslint "8.39.0"
    eslint-config-next "13.3.1"
    kbar "0.1.0-beta.40"
    next "13.3.1"
    next-themes "^0.2.1"
    postcss "8.4.23"
    react "18.2.0"
    react-dom "18.2.0"
    react-hot-toast "^2.4.0"
    react-icons "^4.8.0"
    tailwindcss "3.3.1"
    typescript "5.0.4"

